
Microsoft Visual Studio Solution File, Format Version 12.00
# Visual Studio Version 17
VisualStudioVersion = 17.0.31903.59
MinimumVisualStudioVersion = 10.0.40219.1
Project("{2150E333-8FDC-42A3-9474-1A3956D46DE8}") = "src", "src", "{027A7E9A-3DC1-4697-8D0B-B51A88DDC911}"
EndProject
Project("{9A19103F-16F7-4668-BE54-9A1E7A4F7556}") = "Client", "src\Client\Client.csproj", "{4A77EAB6-558C-4BC5-96B6-015774CCB787}"
EndProject
Project("{2150E333-8FDC-42A3-9474-1A3956D46DE8}") = "Solution Items", "Solution Items", "{95C67F15-7236-476F-ABCD-0159A3AFE287}"
	ProjectSection(SolutionItems) = preProject
		.editorconfig = .editorconfig
		README.md = README.md
	EndProjectSection
EndProject
Global
	GlobalSection(SolutionConfigurationPlatforms) = preSolution
		Debug|Any CPU = Debug|Any CPU
		Release|Any CPU = Release|Any CPU
	EndGlobalSection
	GlobalSection(ProjectConfigurationPlatforms) = postSolution
		{4A77EAB6-558C-4BC5-96B6-015774CCB787}.Debug|Any CPU.ActiveCfg = Debug|Any CPU
		{4A77EAB6-558C-4BC5-96B6-015774CCB787}.Debug|Any CPU.Build.0 = Debug|Any CPU
		{4A77EAB6-558C-4BC5-96B6-015774CCB787}.Release|Any CPU.ActiveCfg = Release|Any CPU
		{4A77EAB6-558C-4BC5-96B6-015774CCB787}.Release|Any CPU.Build.0 = Release|Any CPU
	EndGlobalSection
	GlobalSection(SolutionProperties) = preSolution
		HideSolutionNode = FALSE
	EndGlobalSection
	GlobalSection(NestedProjects) = preSolution
		{4A77EAB6-558C-4BC5-96B6-015774CCB787} = {027A7E9A-3DC1-4697-8D0B-B51A88DDC911}
	EndGlobalSection
	GlobalSection(ExtensibilityGlobals) = postSolution
		SolutionGuid = {D62D40D2-E4FD-468B-8285-0B08BD773F69}
	EndGlobalSection
EndGlobal
